
Microsoft Visual Studio Solution File, Format Version 12.00
# Visual Studio Version 17
VisualStudioVersion = 17.3.32901.215
MinimumVisualStudioVersion = 10.0.40219.1
Project("{8BC9CEB8-8B4A-11D0-8D11-00A0C91BC942}") = "autom8", "src\app\autom8.vcxproj", "{0E5A14DD-9C75-4D25-AF48-29B7448D1C4D}"
	ProjectSection(ProjectDependencies) = postProject
		{310C912B-FFCB-4681-AB10-EE91C7DCF39E} = {310C912B-FFCB-4681-AB10-EE91C7DCF39E}
		{4602D866-D98D-4AC6-A501-A2463CD41355} = {4602D866-D98D-4AC6-A501-A2463CD41355}
		{B2165720-B4B2-4F4B-8888-8C390C3CB4DB} = {B2165720-B4B2-4F4B-8888-8C390C3CB4DB}
		{B2165720-B4B2-4F4B-9634-8C390C3CB4DB} = {B2165720-B4B2-4F4B-9634-8C390C3CB4DB}
		{CC5CB8D1-382E-4FEB-A56B-1D400D70D9FB} = {CC5CB8D1-382E-4FEB-A56B-1D400D70D9FB}
	EndProjectSection
EndProject
Project("{8BC9CEB8-8B4A-11D0-8D11-00A0C91BC942}") = "3rdparty", "src\cursespp\f8n\src\3rdparty\3rdparty.vcxproj", "{B2165720-B4B2-4F4B-8888-8C390C3CB4DB}"
EndProject
Project("{8BC9CEB8-8B4A-11D0-8D11-00A0C91BC942}") = "f8n", "src\cursespp\f8n\src\f8n\f8n.vcxproj", "{B2165720-B4B2-4F4B-9634-8C390C3CB4DB}"
EndProject
Project("{8BC9CEB8-8B4A-11D0-8D11-00A0C91BC942}") = "cursespp", "src\cursespp\src\cursespp.vcxproj", "{CC5CB8D1-382E-4FEB-A56B-1D400D70D9FB}"
	ProjectSection(ProjectDependencies) = postProject
		{B2165720-B4B2-4F4B-9634-8C390C3CB4DB} = {B2165720-B4B2-4F4B-9634-8C390C3CB4DB}
	EndProjectSection
EndProject
Project("{8BC9CEB8-8B4A-11D0-8D11-00A0C91BC942}") = "libautom8", "src\libautom8\libautom8.vcxproj", "{4602D866-D98D-4AC6-A501-A2463CD41355}"
	ProjectSection(ProjectDependencies) = postProject
		{B2165720-B4B2-4F4B-8888-8C390C3CB4DB} = {B2165720-B4B2-4F4B-8888-8C390C3CB4DB}
		{B2165720-B4B2-4F4B-9634-8C390C3CB4DB} = {B2165720-B4B2-4F4B-9634-8C390C3CB4DB}
	EndProjectSection
EndProject
Project("{8BC9CEB8-8B4A-11D0-8D11-00A0C91BC942}") = "cm15a_controller", "src\cm15a_controller\cm15a_controller.vcxproj", "{310C912B-FFCB-4681-AB10-EE91C7DCF39E}"
	ProjectSection(ProjectDependencies) = postProject
		{4602D866-D98D-4AC6-A501-A2463CD41355} = {4602D866-D98D-4AC6-A501-A2463CD41355}
	EndProjectSection
EndProject
Global
	GlobalSection(SolutionConfigurationPlatforms) = preSolution
		Debug|x64 = Debug|x64
		Debug|x86 = Debug|x86
		Release|x64 = Release|x64
		Release|x86 = Release|x86
	EndGlobalSection
	GlobalSection(ProjectConfigurationPlatforms) = postSolution
		{0E5A14DD-9C75-4D25-AF48-29B7448D1C4D}.Debug|x64.ActiveCfg = Debug|x64
		{0E5A14DD-9C75-4D25-AF48-29B7448D1C4D}.Debug|x64.Build.0 = Debug|x64
		{0E5A14DD-9C75-4D25-AF48-29B7448D1C4D}.Debug|x86.ActiveCfg = Debug|Win32
		{0E5A14DD-9C75-4D25-AF48-29B7448D1C4D}.Debug|x86.Build.0 = Debug|Win32
		{0E5A14DD-9C75-4D25-AF48-29B7448D1C4D}.Release|x64.ActiveCfg = Release|x64
		{0E5A14DD-9C75-4D25-AF48-29B7448D1C4D}.Release|x64.Build.0 = Release|x64
		{0E5A14DD-9C75-4D25-AF48-29B7448D1C4D}.Release|x86.ActiveCfg = Release|Win32
		{0E5A14DD-9C75-4D25-AF48-29B7448D1C4D}.Release|x86.Build.0 = Release|Win32
		{B2165720-B4B2-4F4B-8888-8C390C3CB4DB}.Debug|x64.ActiveCfg = Debug|x64
		{B2165720-B4B2-4F4B-8888-8C390C3CB4DB}.Debug|x64.Build.0 = Debug|x64
		{B2165720-B4B2-4F4B-8888-8C390C3CB4DB}.Debug|x86.ActiveCfg = Debug|Win32
		{B2165720-B4B2-4F4B-8888-8C390C3CB4DB}.Debug|x86.Build.0 = Debug|Win32
		{B2165720-B4B2-4F4B-8888-8C390C3CB4DB}.Release|x64.ActiveCfg = Release|x64
		{B2165720-B4B2-4F4B-8888-8C390C3CB4DB}.Release|x64.Build.0 = Release|x64
		{B2165720-B4B2-4F4B-8888-8C390C3CB4DB}.Release|x86.ActiveCfg = Release|Win32
		{B2165720-B4B2-4F4B-8888-8C390C3CB4DB}.Release|x86.Build.0 = Release|Win32
		{B2165720-B4B2-4F4B-9634-8C390C3CB4DB}.Debug|x64.ActiveCfg = Debug|x64
		{B2165720-B4B2-4F4B-9634-8C390C3CB4DB}.Debug|x64.Build.0 = Debug|x64
		{B2165720-B4B2-4F4B-9634-8C390C3CB4DB}.Debug|x86.ActiveCfg = Debug|Win32
		{B2165720-B4B2-4F4B-9634-8C390C3CB4DB}.Debug|x86.Build.0 = Debug|Win32
		{B2165720-B4B2-4F4B-9634-8C390C3CB4DB}.Release|x64.ActiveCfg = Release|x64
		{B2165720-B4B2-4F4B-9634-8C390C3CB4DB}.Release|x64.Build.0 = Release|x64
		{B2165720-B4B2-4F4B-9634-8C390C3CB4DB}.Release|x86.ActiveCfg = Release|Win32
		{B2165720-B4B2-4F4B-9634-8C390C3CB4DB}.Release|x86.Build.0 = Release|Win32
		{CC5CB8D1-382E-4FEB-A56B-1D400D70D9FB}.Debug|x64.ActiveCfg = Debug|x64
		{CC5CB8D1-382E-4FEB-A56B-1D400D70D9FB}.Debug|x64.Build.0 = Debug|x64
		{CC5CB8D1-382E-4FEB-A56B-1D400D70D9FB}.Debug|x86.ActiveCfg = Debug|Win32
		{CC5CB8D1-382E-4FEB-A56B-1D400D70D9FB}.Debug|x86.Build.0 = Debug|Win32
		{CC5CB8D1-382E-4FEB-A56B-1D400D70D9FB}.Release|x64.ActiveCfg = Release|x64
		{CC5CB8D1-382E-4FEB-A56B-1D400D70D9FB}.Release|x64.Build.0 = Release|x64
		{CC5CB8D1-382E-4FEB-A56B-1D400D70D9FB}.Release|x86.ActiveCfg = Release|Win32
		{CC5CB8D1-382E-4FEB-A56B-1D400D70D9FB}.Release|x86.Build.0 = Release|Win32
		{4602D866-D98D-4AC6-A501-A2463CD41355}.Debug|x64.ActiveCfg = Debug|x64
		{4602D866-D98D-4AC6-A501-A2463CD41355}.Debug|x64.Build.0 = Debug|x64
		{4602D866-D98D-4AC6-A501-A2463CD41355}.Debug|x86.ActiveCfg = Debug|Win32
		{4602D866-D98D-4AC6-A501-A2463CD41355}.Debug|x86.Build.0 = Debug|Win32
		{4602D866-D98D-4AC6-A501-A2463CD41355}.Release|x64.ActiveCfg = Release|x64
		{4602D866-D98D-4AC6-A501-A2463CD41355}.Release|x64.Build.0 = Release|x64
		{4602D866-D98D-4AC6-A501-A2463CD41355}.Release|x86.ActiveCfg = Release|Win32
		{4602D866-D98D-4AC6-A501-A2463CD41355}.Release|x86.Build.0 = Release|Win32
		{310C912B-FFCB-4681-AB10-EE91C7DCF39E}.Debug|x64.ActiveCfg = Debug|x64
		{310C912B-FFCB-4681-AB10-EE91C7DCF39E}.Debug|x64.Build.0 = Debug|x64
		{310C912B-FFCB-4681-AB10-EE91C7DCF39E}.Debug|x86.ActiveCfg = Debug|Win32
		{310C912B-FFCB-4681-AB10-EE91C7DCF39E}.Debug|x86.Build.0 = Debug|Win32
		{310C912B-FFCB-4681-AB10-EE91C7DCF39E}.Release|x64.ActiveCfg = Release|x64
		{310C912B-FFCB-4681-AB10-EE91C7DCF39E}.Release|x64.Build.0 = Release|x64
		{310C912B-FFCB-4681-AB10-EE91C7DCF39E}.Release|x86.ActiveCfg = Release|Win32
		{310C912B-FFCB-4681-AB10-EE91C7DCF39E}.Release|x86.Build.0 = Release|Win32
	EndGlobalSection
	GlobalSection(SolutionProperties) = preSolution
		HideSolutionNode = FALSE
	EndGlobalSection
	GlobalSection(ExtensibilityGlobals) = postSolution
		SolutionGuid = {FFF54492-8CBB-4345-9305-17CDB1D384F6}
	EndGlobalSection
EndGlobal
