<?xml version="1.0" encoding="utf-8"?>
<Project ToolsVersion="4.0" xmlns="http://schemas.microsoft.com/developer/msbuild/2003">
  <ItemGroup>
    <Filter Include="src">
      <UniqueIdentifier>{4FC737F1-C7A5-4376-A066-2A32D752A2FF}</UniqueIdentifier>
      <Extensions>cpp;c;cc;cxx;def;odl;idl;hpj;bat;asm;asmx</Extensions>
    </Filter>
    <Filter Include="src\layout">
      <UniqueIdentifier>{5f80be78-3aa4-4946-a459-2814606bd318}</UniqueIdentifier>
    </Filter>
    <Filter Include="src\adapter">
      <UniqueIdentifier>{fa849b81-e456-4fbe-9cb5-76e5c9963262}</UniqueIdentifier>
    </Filter>
    <Filter Include="src\util">
      <UniqueIdentifier>{4b0f5e3a-8729-4116-8f24-15eb1a8c8d0d}</UniqueIdentifier>
    </Filter>
  </ItemGroup>
  <ItemGroup>
    <ClCompile Include="main.cpp">
      <Filter>src</Filter>
    </ClCompile>
    <ClCompile Include="layout\MainLayout.cpp">
      <Filter>src\layout</Filter>
    </ClCompile>
    <ClCompile Include="layout\ServerLayout.cpp">
      <Filter>src\layout</Filter>
    </ClCompile>
    <ClCompile Include="layout\SettingsLayout.cpp">
      <Filter>src\layout</Filter>
    </ClCompile>
    <ClCompile Include="layout\ClientLayout.cpp">
      <Filter>src\layout</Filter>
    </ClCompile>
    <ClCompile Include="adapter\DeviceListAdapter.cpp">
      <Filter>src\adapter</Filter>
    </ClCompile>
    <ClCompile Include="util\Device.cpp">
      <Filter>src\util</Filter>
    </ClCompile>
    <ClCompile Include="util\Message.cpp">
      <Filter>src\util</Filter>
    </ClCompile>
  </ItemGroup>
  <ItemGroup>
    <ClInclude Include="layout\MainLayout.h">
      <Filter>src\layout</Filter>
    </ClInclude>
    <ClInclude Include="layout\ClientLayout.h">
      <Filter>src\layout</Filter>
    </ClInclude>
    <ClInclude Include="layout\ServerLayout.h">
      <Filter>src\layout</Filter>
    </ClInclude>
    <ClInclude Include="layout\SettingsLayout.h">
      <Filter>src\layout</Filter>
    </ClInclude>
    <ClInclude Include="adapter\DeviceListAdapter.h">
      <Filter>src\adapter</Filter>
    </ClInclude>
    <ClInclude Include="util\Device.h">
      <Filter>src\util</Filter>
    </ClInclude>
    <ClInclude Include="util\Message.h">
      <Filter>src\util</Filter>
    </ClInclude>
  </ItemGroup>
</Project>